
Microsoft Visual Studio Solution File, Format Version 12.00
Project("{FAE04EC0-301F-11D3-BF4B-00C04F79EFBC}") = "SnowReport", "SnowReport\SnowReport.csproj", "{723810D2-D555-4591-BDDE-4B9738272B50}"
EndProject
Global
	GlobalSection(SolutionConfigurationPlatforms) = preSolution
		Debug|Any CPU = Debug|Any CPU
		Release|Any CPU = Release|Any CPU
	EndGlobalSection
	GlobalSection(ProjectConfigurationPlatforms) = postSolution
		{723810D2-D555-4591-BDDE-4B9738272B50}.Debug|Any CPU.ActiveCfg = Debug|Any CPU
		{723810D2-D555-4591-BDDE-4B9738272B50}.Debug|Any CPU.Build.0 = Debug|Any CPU
		{723810D2-D555-4591-BDDE-4B9738272B50}.Release|Any CPU.ActiveCfg = Release|Any CPU
		{723810D2-D555-4591-BDDE-4B9738272B50}.Release|Any CPU.Build.0 = Release|Any CPU
	EndGlobalSection
EndGlobal
